// !$*UTF8*$!
{
	archiveVersion = 1;
	classes = {
	};
	objectVersion = 46;
	objects = {

/* Begin PBXBuildFile section */
		DEB68B861AACB311004CE81D /* AppDelegate.swift in Sources */ = {isa = PBXBuildFile; fileRef = DEB68B851AACB311004CE81D /* AppDelegate.swift */; };
		DEB68B881AACB311004CE81D /* ViewController.swift in Sources */ = {isa = PBXBuildFile; fileRef = DEB68B871AACB311004CE81D /* ViewController.swift */; };
		DEB68B8B1AACB311004CE81D /* Main.storyboard in Resources */ = {isa = PBXBuildFile; fileRef = DEB68B891AACB311004CE81D /* Main.storyboard */; };
		DEB68B8D1AACB311004CE81D /* Images.xcassets in Resources */ = {isa = PBXBuildFile; fileRef = DEB68B8C1AACB311004CE81D /* Images.xcassets */; };
		DEB68B901AACB311004CE81D /* LaunchScreen.xib in Resources */ = {isa = PBXBuildFile; fileRef = DEB68B8E1AACB311004CE81D /* LaunchScreen.xib */; };
		DEB68B9C1AACB311004CE81D /* postCardTests.swift in Sources */ = {isa = PBXBuildFile; fileRef = DEB68B9B1AACB311004CE81D /* postCardTests.swift */; };
/* End PBXBuildFile section */

/* Begin PBXContainerItemProxy section */
		DEB68B961AACB311004CE81D /* PBXContainerItemProxy */ = {
			isa = PBXContainerItemProxy;
			containerPortal = DEB68B781AACB311004CE81D /* Project object */;
			proxyType = 1;
			remoteGlobalIDString = DEB68B7F1AACB311004CE81D;
			remoteInfo = postCard;
		};
/* End PBXContainerItemProxy section */

/* Begin PBXFileReference section */
		DEB68B801AACB311004CE81D /* postCard.app */ = {isa = PBXFileReference; explicitFileType = wrapper.application; includeInIndex = 0; path = postCard.app; sourceTree = BUILT_PRODUCTS_DIR; };
		DEB68B841AACB311004CE81D /* Info.plist */ = {isa = PBXFileReference; lastKnownFileType = text.plist.xml; path = Info.plist; sourceTree = "<group>"; };
		DEB68B851AACB311004CE81D /* AppDelegate.swift */ = {isa = PBXFileReference; lastKnownFileType = sourcecode.swift; path = AppDelegate.swift; sourceTree = "<group>"; };
		DEB68B871AACB311004CE81D /* ViewController.swift */ = {isa = PBXFileReference; lastKnownFileType = sourcecode.swift; path = ViewController.swift; sourceTree = "<group>"; };
		DEB68B8A1AACB311004CE81D /* Base */ = {isa = PBXFileReference; lastKnownFileType = file.storyboard; name = Base; path = Base.lproj/Main.storyboard; sourceTree = "<group>"; };
		DEB68B8C1AACB311004CE81D /* Images.xcassets */ = {isa = PBXFileReference; lastKnownFileType = folder.assetcatalog; path = Images.xcassets; sourceTree = "<group>"; };
		DEB68B8F1AACB311004CE81D /* Base */ = {isa = PBXFileReference; lastKnownFileType = file.xib; name = Base; path = Base.lproj/LaunchScreen.xib; sourceTree = "<group>"; };
		DEB68B951AACB311004CE81D /* postCardTests.xctest */ = {isa = PBXFileReference; explicitFileType = wrapper.cfbundle; includeInIndex = 0; path = postCardTests.xctest; sourceTree = BUILT_PRODUCTS_DIR; };
		DEB68B9A1AACB311004CE81D /* Info.plist */ = {isa = PBXFileReference; lastKnownFileType = text.plist.xml; path = Info.plist; sourceTree = "<group>"; };
		DEB68B9B1AACB311004CE81D /* postCardTests.swift */ = {isa = PBXFileReference; lastKnownFileType = sourcecode.swift; path = postCardTests.swift; sourceTree = "<group>"; };
/* End PBXFileReference section */

/* Begin PBXFrameworksBuildPhase section */
		DEB68B7D1AACB311004CE81D /* Frameworks */ = {
			isa = PBXFrameworksBuildPhase;
			buildActionMask = 2147483647;
			files = (
			);
			runOnlyForDeploymentPostprocessing = 0;
		};
		DEB68B921AACB311004CE81D /* Frameworks */ = {
			isa = PBXFrameworksBuildPhase;
			buildActionMask = 2147483647;
			files = (
			);
			runOnlyForDeploymentPostprocessing = 0;
		};
/* End PBXFrameworksBuildPhase section */

/* Begin PBXGroup section */
		DEB68B771AACB311004CE81D = {
			isa = PBXGroup;
			children = (
				DEB68B821AACB311004CE81D /* postCard */,
				DEB68B981AACB311004CE81D /* postCardTests */,
				DEB68B811AACB311004CE81D /* Products */,
			);
			sourceTree = "<group>";
		};
		DEB68B811AACB311004CE81D /* Products */ = {
			isa = PBXGroup;
			children = (
				DEB68B801AACB311004CE81D /* postCard.app */,
				DEB68B951AACB311004CE81D /* postCardTests.xctest */,
			);
			name = Products;
			sourceTree = "<group>";
		};
		DEB68B821AACB311004CE81D /* postCard */ = {
			isa = PBXGroup;
			children = (
				DEB68B851AACB311004CE81D /* AppDelegate.swift */,
				DEB68B871AACB311004CE81D /* ViewController.swift */,
				DEB68B891AACB311004CE81D /* Main.storyboard */,
				DEB68B8C1AACB311004CE81D /* Images.xcassets */,
				DEB68B8E1AACB311004CE81D /* LaunchScreen.xib */,
				DEB68B831AACB311004CE81D /* Supporting Files */,
			);
			path = postCard;
			sourceTree = "<group>";
		};
		DEB68B831AACB311004CE81D /* Supporting Files */ = {
			isa = PBXGroup;
			children = (
				DEB68B841AACB311004CE81D /* Info.plist */,
			);
			name = "Supporting Files";
			sourceTree = "<group>";
		};
		DEB68B981AACB311004CE81D /* postCardTests */ = {
			isa = PBXGroup;
			children = (
				DEB68B9B1AACB311004CE81D /* postCardTests.swift */,
				DEB68B991AACB311004CE81D /* Supporting Files */,
			);
			path = postCardTests;
			sourceTree = "<group>";
		};
		DEB68B991AACB311004CE81D /* Supporting Files */ = {
			isa = PBXGroup;
			children = (
				DEB68B9A1AACB311004CE81D /* Info.plist */,
			);
			name = "Supporting Files";
			sourceTree = "<group>";
		};
/* End PBXGroup section */

/* Begin PBXNativeTarget section */
		DEB68B7F1AACB311004CE81D /* postCard */ = {
			isa = PBXNativeTarget;
			buildConfigurationList = DEB68B9F1AACB311004CE81D /* Build configuration list for PBXNativeTarget "postCard" */;
			buildPhases = (
				DEB68B7C1AACB311004CE81D /* Sources */,
				DEB68B7D1AACB311004CE81D /* Frameworks */,
				DEB68B7E1AACB311004CE81D /* Resources */,
			);
			buildRules = (
			);
			dependencies = (
			);
			name = postCard;
			productName = postCard;
			productReference = DEB68B801AACB311004CE81D /* postCard.app */;
			productType = "com.apple.product-type.application";
		};
		DEB68B941AACB311004CE81D /* postCardTests */ = {
			isa = PBXNativeTarget;
			buildConfigurationList = DEB68BA21AACB311004CE81D /* Build configuration list for PBXNativeTarget "postCardTests" */;
			buildPhases = (
				DEB68B911AACB311004CE81D /* Sources */,
				DEB68B921AACB311004CE81D /* Frameworks */,
				DEB68B931AACB311004CE81D /* Resources */,
			);
			buildRules = (
			);
			dependencies = (
				DEB68B971AACB311004CE81D /* PBXTargetDependency */,
			);
			name = postCardTests;
			productName = postCardTests;
			productReference = DEB68B951AACB311004CE81D /* postCardTests.xctest */;
			productType = "com.apple.product-type.bundle.unit-test";
		};
/* End PBXNativeTarget section */

/* Begin PBXProject section */
		DEB68B781AACB311004CE81D /* Project object */ = {
			isa = PBXProject;
			attributes = {
				LastUpgradeCheck = 0610;
				ORGANIZATIONNAME = "terry atkins";
				TargetAttributes = {
					DEB68B7F1AACB311004CE81D = {
						CreatedOnToolsVersion = 6.1.1;
					};
					DEB68B941AACB311004CE81D = {
						CreatedOnToolsVersion = 6.1.1;
						TestTargetID = DEB68B7F1AACB311004CE81D;
					};
				};
			};
			buildConfigurationList = DEB68B7B1AACB311004CE81D /* Build configuration list for PBXProject "postCard" */;
			compatibilityVersion = "Xcode 3.2";
			developmentRegion = English;
			hasScannedForEncodings = 0;
			knownRegions = (
				en,
				Base,
			);
			mainGroup = DEB68B771AACB311004CE81D;
			productRefGroup = DEB68B811AACB311004CE81D /* Products */;
			projectDirPath = "";
			projectRoot = "";
			targets = (
				DEB68B7F1AACB311004CE81D /* postCard */,
				DEB68B941AACB311004CE81D /* postCardTests */,
			);
		};
/* End PBXProject section */

/* Begin PBXResourcesBuildPhase section */
		DEB68B7E1AACB311004CE81D /* Resources */ = {
			isa = PBXResourcesBuildPhase;
			buildActionMask = 2147483647;
			files = (
				DEB68B8B1AACB311004CE81D /* Main.storyboard in Resources */,
				DEB68B901AACB311004CE81D /* LaunchScreen.xib in Resources */,
				DEB68B8D1AACB311004CE81D /* Images.xcassets in Resources */,
			);
			runOnlyForDeploymentPostprocessing = 0;
		};
		DEB68B931AACB311004CE81D /* Resources */ = {
			isa = PBXResourcesBuildPhase;
			buildActionMask = 2147483647;
			files = (
			);
			runOnlyForDeploymentPostprocessing = 0;
		};
/* End PBXResourcesBuildPhase section */

/* Begin PBXSourcesBuildPhase section */
		DEB68B7C1AACB311004CE81D /* Sources */ = {
			isa = PBXSourcesBuildPhase;
			buildActionMask = 2147483647;
			files = (
				DEB68B881AACB311004CE81D /* ViewController.swift in Sources */,
				DEB68B861AACB311004CE81D /* AppDelegate.swift in Sources */,
			);
			runOnlyForDeploymentPostprocessing = 0;
		};
		DEB68B911AACB311004CE81D /* Sources */ = {
			isa = PBXSourcesBuildPhase;
			buildActionMask = 2147483647;
			files = (
				DEB68B9C1AACB311004CE81D /* postCardTests.swift in Sources */,
			);
			runOnlyForDeploymentPostprocessing = 0;
		};
/* End PBXSourcesBuildPhase section */

/* Begin PBXTargetDependency section */
		DEB68B971AACB311004CE81D /* PBXTargetDependency */ = {
			isa = PBXTargetDependency;
			target = DEB68B7F1AACB311004CE81D /* postCard */;
			targetProxy = DEB68B961AACB311004CE81D /* PBXContainerItemProxy */;
		};
/* End PBXTargetDependency section */

/* Begin PBXVariantGroup section */
		DEB68B891AACB311004CE81D /* Main.storyboard */ = {
			isa = PBXVariantGroup;
			children = (
				DEB68B8A1AACB311004CE81D /* Base */,
			);
			name = Main.storyboard;
			sourceTree = "<group>";
		};
		DEB68B8E1AACB311004CE81D /* LaunchScreen.xib */ = {
			isa = PBXVariantGroup;
			children = (
				DEB68B8F1AACB311004CE81D /* Base */,
			);
			name = LaunchScreen.xib;
			sourceTree = "<group>";
		};
/* End PBXVariantGroup section */

/* Begin XCBuildConfiguration section */
		DEB68B9D1AACB311004CE81D /* Debug */ = {
			isa = XCBuildConfiguration;
			buildSettings = {
				ALWAYS_SEARCH_USER_PATHS = NO;
				CLANG_CXX_LANGUAGE_STANDARD = "gnu++0x";
				CLANG_CXX_LIBRARY = "libc++";
				CLANG_ENABLE_MODULES = YES;
				CLANG_ENABLE_OBJC_ARC = YES;
				CLANG_WARN_BOOL_CONVERSION = YES;
				CLANG_WARN_CONSTANT_CONVERSION = YES;
				CLANG_WARN_DIRECT_OBJC_ISA_USAGE = YES_ERROR;
				CLANG_WARN_EMPTY_BODY = YES;
				CLANG_WARN_ENUM_CONVERSION = YES;
				CLANG_WARN_INT_CONVERSION = YES;
				CLANG_WARN_OBJC_ROOT_CLASS = YES_ERROR;
				CLANG_WARN_UNREACHABLE_CODE = YES;
				CLANG_WARN__DUPLICATE_METHOD_MATCH = YES;
				"CODE_SIGN_IDENTITY[sdk=iphoneos*]" = "iPhone Developer";
				COPY_PHASE_STRIP = NO;
				ENABLE_STRICT_OBJC_MSGSEND = YES;
				GCC_C_LANGUAGE_STANDARD = gnu99;
				GCC_DYNAMIC_NO_PIC = NO;
				GCC_OPTIMIZATION_LEVEL = 0;
				GCC_PREPROCESSOR_DEFINITIONS = (
					"DEBUG=1",
					"$(inherited)",
				);
				GCC_SYMBOLS_PRIVATE_EXTERN = NO;
				GCC_WARN_64_TO_32_BIT_CONVERSION = YES;
				GCC_WARN_ABOUT_RETURN_TYPE = YES_ERROR;
				GCC_WARN_UNDECLARED_SELECTOR = YES;
				GCC_WARN_UNINITIALIZED_AUTOS = YES_AGGRESSIVE;
				GCC_WARN_UNUSED_FUNCTION = YES;
				GCC_WARN_UNUSED_VARIABLE = YES;
				IPHONEOS_DEPLOYMENT_TARGET = 8.1;
				MTL_ENABLE_DEBUG_INFO = YES;
				ONLY_ACTIVE_ARCH = YES;
				SDKROOT = iphoneos;
				SWIFT_OPTIMIZATION_LEVEL = "-Onone";
				TARGETED_DEVICE_FAMILY = "1,2";
			};
			name = Debug;
		};
		DEB68B9E1AACB311004CE81D /* Release */ = {
			isa = XCBuildConfiguration;
			buildSettings = {
				ALWAYS_SEARCH_USER_PATHS = NO;
				CLANG_CXX_LANGUAGE_STANDARD = "gnu++0x";
				CLANG_CXX_LIBRARY = "libc++";
				CLANG_ENABLE_MODULES = YES;
				CLANG_ENABLE_OBJC_ARC = YES;
				CLANG_WARN_BOOL_CONVERSION = YES;
				CLANG_WARN_CONSTANT_CONVERSION = YES;
				CLANG_WARN_DIRECT_OBJC_ISA_USAGE = YES_ERROR;
				CLANG_WARN_EMPTY_BODY = YES;
				CLANG_WARN_ENUM_CONVERSION = YES;
				CLANG_WARN_INT_CONVERSION = YES;
				CLANG_WARN_OBJC_ROOT_CLASS = YES_ERROR;
				CLANG_WARN_UNREACHABLE_CODE = YES;
				CLANG_WARN__DUPLICATE_METHOD_MATCH = YES;
				"CODE_SIGN_IDENTITY[sdk=iphoneos*]" = "iPhone Developer";
				COPY_PHASE_STRIP = YES;
				ENABLE_NS_ASSERTIONS = NO;
				ENABLE_STRICT_OBJC_MSGSEND = YES;
				GCC_C_LANGUAGE_STANDARD = gnu99;
				GCC_WARN_64_TO_32_BIT_CONVERSION = YES;
				GCC_WARN_ABOUT_RETURN_TYPE = YES_ERROR;
				GCC_WARN_UNDECLARED_SELECTOR = YES;
				GCC_WARN_UNINITIALIZED_AUTOS = YES_AGGRESSIVE;
				GCC_WARN_UNUSED_FUNCTION = YES;
				GCC_WARN_UNUSED_VARIABLE = YES;
				IPHONEOS_DEPLOYMENT_TARGET = 8.1;
				MTL_ENABLE_DEBUG_INFO = NO;
				SDKROOT = iphoneos;
				TARGETED_DEVICE_FAMILY = "1,2";
				VALIDATE_PRODUCT = YES;
			};
			name = Release;
		};
		DEB68BA01AACB311004CE81D /* Debug */ = {
			isa = XCBuildConfiguration;
			buildSettings = {
				ASSETCATALOG_COMPILER_APPICON_NAME = AppIcon;
				INFOPLIST_FILE = postCard/Info.plist;
				LD_RUNPATH_SEARCH_PATHS = "$(inherited) @executable_path/Frameworks";
				PRODUCT_NAME = "$(TARGET_NAME)";
			};
			name = Debug;
		};
		DEB68BA11AACB311004CE81D /* Release */ = {
			isa = XCBuildConfiguration;
			buildSettings = {
				ASSETCATALOG_COMPILER_APPICON_NAME = AppIcon;
				INFOPLIST_FILE = postCard/Info.plist;
				LD_RUNPATH_SEARCH_PATHS = "$(inherited) @executable_path/Frameworks";
				PRODUCT_NAME = "$(TARGET_NAME)";
			};
			name = Release;
		};
		DEB68BA31AACB311004CE81D /* Debug */ = {
			isa = XCBuildConfiguration;
			buildSettings = {
				BUNDLE_LOADER = "$(TEST_HOST)";
				FRAMEWORK_SEARCH_PATHS = (
					"$(SDKROOT)/Developer/Library/Frameworks",
					"$(inherited)",
				);
				GCC_PREPROCESSOR_DEFINITIONS = (
					"DEBUG=1",
					"$(inherited)",
				);
				INFOPLIST_FILE = postCardTests/Info.plist;
				LD_RUNPATH_SEARCH_PATHS = "$(inherited) @executable_path/Frameworks @loader_path/Frameworks";
				PRODUCT_NAME = "$(TARGET_NAME)";
				TEST_HOST = "$(BUILT_PRODUCTS_DIR)/postCard.app/postCard";
			};
			name = Debug;
		};
		DEB68BA41AACB311004CE81D /* Release */ = {
			isa = XCBuildConfiguration;
			buildSettings = {
				BUNDLE_LOADER = "$(TEST_HOST)";
				FRAMEWORK_SEARCH_PATHS = (
					"$(SDKROOT)/Developer/Library/Frameworks",
					"$(inherited)",
				);
				INFOPLIST_FILE = postCardTests/Info.plist;
				LD_RUNPATH_SEARCH_PATHS = "$(inherited) @executable_path/Frameworks @loader_path/Frameworks";
				PRODUCT_NAME = "$(TARGET_NAME)";
				TEST_HOST = "$(BUILT_PRODUCTS_DIR)/postCard.app/postCard";
			};
			name = Release;
		};
/* End XCBuildConfiguration section */

/* Begin XCConfigurationList section */
		DEB68B7B1AACB311004CE81D /* Build configuration list for PBXProject "postCard" */ = {
			isa = XCConfigurationList;
			buildConfigurations = (
				DEB68B9D1AACB311004CE81D /* Debug */,
				DEB68B9E1AACB311004CE81D /* Release */,
			);
			defaultConfigurationIsVisible = 0;
			defaultConfigurationName = Release;
		};
		DEB68B9F1AACB311004CE81D /* Build configuration list for PBXNativeTarget "postCard" */ = {
			isa = XCConfigurationList;
			buildConfigurations = (
				DEB68BA01AACB311004CE81D /* Debug */,
				DEB68BA11AACB311004CE81D /* Release */,
			);
			defaultConfigurationIsVisible = 0;
		};
		DEB68BA21AACB311004CE81D /* Build configuration list for PBXNativeTarget "postCardTests" */ = {
			isa = XCConfigurationList;
			buildConfigurations = (
				DEB68BA31AACB311004CE81D /* Debug */,
				DEB68BA41AACB311004CE81D /* Release */,
			);
			defaultConfigurationIsVisible = 0;
		};
/* End XCConfigurationList section */
	};
	rootObject = DEB68B781AACB311004CE81D /* Project object */;
}
